schema: '2.0'
stages:
  ingest:
    cmd: python -m scripts.run_ingest
    deps:
    - path: scripts/run_ingest.py
      hash: md5
      md5: 0ef814a66e5ccadf370077b1b4f04302
      size: 188
    - path: src/components/data_ingestion.py
      hash: md5
      md5: abb6a7c17b9cb49457c9c1dd48e99a04
      size: 1270
    - path: src/constants/__init__.py
      hash: md5
      md5: d6ec5757b6f1a40b27be2f85c19bf069
      size: 2114
    outs:
    - path: artifacts/data_ingestion
      hash: md5
      md5: 152cc9da2560c4ae56522955b0c873e2.dir
      size: 862116015
      nfiles: 6
  preprocess:
    cmd: python -m scripts.run_preprocess
    deps:
    - path: artifacts/data_ingestion
      hash: md5
      md5: 152cc9da2560c4ae56522955b0c873e2.dir
      size: 862116015
      nfiles: 6
    - path: scripts/run_preprocess.py
      hash: md5
      md5: c3f6400f82869d07d8b1ecf866231b78
      size: 208
    - path: src/components/data_preprocessing.py
      hash: md5
      md5: 44f9eca7834e7f00d718f3fdd2e0374e
      size: 6706
    - path: src/config/cols_to_drop.yaml
      hash: md5
      md5: 6668157cbe4a9a537b7847cd1379f803
      size: 431
    - path: src/config/feature_bins.yaml
      hash: md5
      md5: a0dccc502e52a3b06ecd9de96eef2539
      size: 311
    params:
      params.yaml:
        data_preprocessing:
          train_ratio: 0.8
          val_ratio: 0.1
          test_ratio: 0.1
          random_state: 42
    outs:
    - path: artifacts/data_preprocessing
      hash: md5
      md5: 758272ee24af892fbc295988b3b0b940.dir
      size: 884025193
      nfiles: 6
  content:
    cmd: python -m scripts.run_content
    deps:
    - path: artifacts/data_preprocessing/train_data/data.csv
      hash: md5
      md5: 72d43ac4903d39762d4940929d08f0b1
      size: 6809333
    - path: scripts/run_content.py
      hash: md5
      md5: 5deda0444efe2d35a907d7b9ade07853
      size: 484
    - path: src/components/recommender.py
      hash: md5
      md5: 776d7c080dcabde2650f21cdfe7987f0
      size: 15590
    params:
      params.yaml:
        content_based:
          max_features: 15000
          n_components: 256
          hnsw_m: 32
          ef_construction: 200
          random_state: 42
    outs:
    - path: artifacts/recommender/content_based
      hash: md5
      md5: 36945148c0b86163c1388aed14955b3a.dir
      size: 17184688
      nfiles: 3
  user:
    cmd: python -m scripts.run_user
    deps:
    - path: artifacts/data_preprocessing/train_data/ratings.csv
      hash: md5
      md5: 39004d4ee86cf0ac6b3f397c6acc2f6a
      size: 700429531
    - path: artifacts/recommender/content_based
      hash: md5
      md5: 36945148c0b86163c1388aed14955b3a.dir
      size: 17184688
      nfiles: 3
    - path: scripts/run_user.py
      hash: md5
      md5: 23d8da9d3e4ab84a99dddb598cd07941
      size: 1175
    - path: src/components/recommender.py
      hash: md5
      md5: 776d7c080dcabde2650f21cdfe7987f0
      size: 15590
    params:
      params.yaml:
        user_based:
          hnsw_m: 32
          ef_construction: 200
    outs:
    - path: artifacts/recommender/user_based
      hash: md5
      md5: 1c9f3bdc9941320cf498ebe3f13d0b9d.dir
      size: 2150072861
      nfiles: 3
  hybrid:
    cmd: python -m scripts.run_hybrid
    deps:
    - path: artifacts/data_ingestion/anime.csv
      hash: md5
      md5: 56c452dc8da8111be8a4abc4bbc7f018
      size: 5662362
    - path: artifacts/data_preprocessing/train_data/ratings.csv
      hash: md5
      md5: 39004d4ee86cf0ac6b3f397c6acc2f6a
      size: 700429531
    - path: artifacts/recommender/content_based
      hash: md5
      md5: 36945148c0b86163c1388aed14955b3a.dir
      size: 17184688
      nfiles: 3
    - path: artifacts/recommender/user_based
      hash: md5
      md5: 1c9f3bdc9941320cf498ebe3f13d0b9d.dir
      size: 2150072861
      nfiles: 3
    - path: scripts/run_hybrid.py
      hash: md5
      md5: f44c8e58b76083e427a6bf903844bebd
      size: 2029
    - path: src/components/recommender.py
      hash: md5
      md5: 776d7c080dcabde2650f21cdfe7987f0
      size: 15590
    params:
      params.yaml:
        hybrid:
          similar_users_k: 50
          top_k: 10
    outs:
    - path: artifacts/recommender/hybrid
      hash: md5
      md5: c9edec996e32cfa0239b6b627cb7ee46.dir
      size: 77583856
      nfiles: 1
  evaluate:
    cmd: python -m scripts.run_evaluate
    deps:
    - path: artifacts/data_preprocessing/test_data/ratings.csv
      hash: md5
      md5: 0c6a6c33e363b08149d86c06329f409a
      size: 87551636
    - path: artifacts/data_preprocessing/train_data/data.csv
      hash: md5
      md5: 72d43ac4903d39762d4940929d08f0b1
      size: 6809333
    - path: artifacts/data_preprocessing/val_data/ratings.csv
      hash: md5
      md5: cdf998d33daf727208ba858b12eb7764
      size: 87549742
    - path: artifacts/recommender/content_based
      hash: md5
      md5: 36945148c0b86163c1388aed14955b3a.dir
      size: 17184688
      nfiles: 3
    - path: artifacts/recommender/hybrid
      hash: md5
      md5: c9edec996e32cfa0239b6b627cb7ee46.dir
      size: 77583856
      nfiles: 1
    - path: artifacts/recommender/user_based
      hash: md5
      md5: 1c9f3bdc9941320cf498ebe3f13d0b9d.dir
      size: 2150072861
      nfiles: 3
    - path: scripts/run_evaluate.py
      hash: md5
      md5: c918e57fb63b7bb7ffcfdfcf42cecb04
      size: 3197
    - path: src/components/evaluation.py
      hash: md5
      md5: ba18f00166d19f0acf6df96fc4dc5813
      size: 10160
    - path: src/tracker.py
      hash: md5
      md5: fcce9f9d2138018f61457de101a98050
      size: 2192
    params:
      params.yaml:
        evaluation:
          top_k: 10
          similar_users_k: 50
          relevant_threshold: 7.0
          content_neighbors_k: 10
          content_sample_size: 2000
          random_state: 42
    outs:
    - path: artifacts/evaluation
      hash: md5
      md5: 7af69d28b96202a0a54aed71c2a4f01f.dir
      size: 2563
      nfiles: 8
    - path: artifacts/evaluation/test/summary.json
      hash: md5
      md5: bc7133c56be2f87afabe1d967ad35c0c
      size: 701
    - path: artifacts/evaluation/val/summary.json
      hash: md5
      md5: 9bf716fbd979ea68aac7611428653b2c
      size: 701
